
Microsoft Visual Studio Solution File, Format Version 12.00
# Visual Studio 15
VisualStudioVersion = 15.0.28307.1259
MinimumVisualStudioVersion = 10.0.40219.1
Project("{FAE04EC0-301F-11D3-BF4B-00C04F79EFBC}") = "EspritPfeSynop", "EspritPfeSynop\EspritPfeSynop.csproj", "{4DB59987-03C2-4A8A-A396-672929C66558}"
EndProject
Project("{FAE04EC0-301F-11D3-BF4B-00C04F79EFBC}") = "EspritPfeSynop.Domain", "EspritPfeSynop.Domain\EspritPfeSynop.Domain.csproj", "{3F917453-5CA0-4F21-8B96-D23F73C39D7A}"
EndProject
Project("{FAE04EC0-301F-11D3-BF4B-00C04F79EFBC}") = "EspritPfeSynop.Infrastructure", "EspritPfeSynop.Infrastructure\EspritPfeSynop.Infrastructure.csproj", "{679B89D2-30DA-47C1-B8FF-6167A43C62EF}"
EndProject
Global
	GlobalSection(SolutionConfigurationPlatforms) = preSolution
		Debug|Any CPU = Debug|Any CPU
		Release|Any CPU = Release|Any CPU
	EndGlobalSection
	GlobalSection(ProjectConfigurationPlatforms) = postSolution
		{4DB59987-03C2-4A8A-A396-672929C66558}.Debug|Any CPU.ActiveCfg = Debug|Any CPU
		{4DB59987-03C2-4A8A-A396-672929C66558}.Debug|Any CPU.Build.0 = Debug|Any CPU
		{4DB59987-03C2-4A8A-A396-672929C66558}.Release|Any CPU.ActiveCfg = Release|Any CPU
		{4DB59987-03C2-4A8A-A396-672929C66558}.Release|Any CPU.Build.0 = Release|Any CPU
		{3F917453-5CA0-4F21-8B96-D23F73C39D7A}.Debug|Any CPU.ActiveCfg = Debug|Any CPU
		{3F917453-5CA0-4F21-8B96-D23F73C39D7A}.Debug|Any CPU.Build.0 = Debug|Any CPU
		{3F917453-5CA0-4F21-8B96-D23F73C39D7A}.Release|Any CPU.ActiveCfg = Release|Any CPU
		{3F917453-5CA0-4F21-8B96-D23F73C39D7A}.Release|Any CPU.Build.0 = Release|Any CPU
		{679B89D2-30DA-47C1-B8FF-6167A43C62EF}.Debug|Any CPU.ActiveCfg = Debug|Any CPU
		{679B89D2-30DA-47C1-B8FF-6167A43C62EF}.Debug|Any CPU.Build.0 = Debug|Any CPU
		{679B89D2-30DA-47C1-B8FF-6167A43C62EF}.Release|Any CPU.ActiveCfg = Release|Any CPU
		{679B89D2-30DA-47C1-B8FF-6167A43C62EF}.Release|Any CPU.Build.0 = Release|Any CPU
	EndGlobalSection
	GlobalSection(SolutionProperties) = preSolution
		HideSolutionNode = FALSE
	EndGlobalSection
	GlobalSection(ExtensibilityGlobals) = postSolution
		SolutionGuid = {BA956543-06C5-45B4-A507-6BEF2A995704}
	EndGlobalSection
EndGlobal
